
Microsoft Visual Studio Solution File, Format Version 12.00
# Visual Studio Version 16
VisualStudioVersion = 16.0.30611.23
MinimumVisualStudioVersion = 10.0.40219.1
Project("{8BC9CEB8-8B4A-11D0-8D11-00A0C91BC942}") = "redflag", "redflag.vcxproj", "{81974FE0-1F6C-4204-8828-4977E13BDEC5}"
EndProject
Project("{2150E333-8FDC-42A3-9474-1A3956D46DE8}") = "Solution Items", "Solution Items", "{9F303BA8-B7AD-4C92-9C66-B9B8FAF9563E}"
	ProjectSection(SolutionItems) = preProject
		.editorconfig = .editorconfig
	EndProjectSection
EndProject
Global
	GlobalSection(SolutionConfigurationPlatforms) = preSolution
		Debug|x64 = Debug|x64
		Release|x64 = Release|x64
	EndGlobalSection
	GlobalSection(ProjectConfigurationPlatforms) = postSolution
		{81974FE0-1F6C-4204-8828-4977E13BDEC5}.Debug|x64.ActiveCfg = Debug|x64
		{81974FE0-1F6C-4204-8828-4977E13BDEC5}.Debug|x64.Build.0 = Debug|x64
		{81974FE0-1F6C-4204-8828-4977E13BDEC5}.Release|x64.ActiveCfg = Release|x64
		{81974FE0-1F6C-4204-8828-4977E13BDEC5}.Release|x64.Build.0 = Release|x64
	EndGlobalSection
	GlobalSection(SolutionProperties) = preSolution
		HideSolutionNode = FALSE
	EndGlobalSection
	GlobalSection(ExtensibilityGlobals) = postSolution
		SolutionGuid = {E3F81899-FB6E-46F1-B5A5-7EB402B60613}
	EndGlobalSection
EndGlobal
