<?xml version="1.0" encoding="utf-8"?>
<Project ToolsVersion="16.0" xmlns="http://schemas.microsoft.com/developer/msbuild/2003">
  <ItemGroup>
    <ClCompile Include="C:\Users\David\git\redflag\llvm-wrapper\src\lld.cpp">
      <Filter>Source Files</Filter>
    </ClCompile>
    <ClCompile Include="C:\Users\David\git\redflag\llvm-wrapper\src\microsoft_craziness.cpp">
      <Filter>Source Files</Filter>
    </ClCompile>
  </ItemGroup>
  <ItemGroup>
    <CustomBuild Include="C:\Users\David\git\redflag\llvm-wrapper\CMakeLists.txt" />
  </ItemGroup>
  <ItemGroup>
    <Filter Include="Source Files">
      <UniqueIdentifier>{1179889E-B317-3F39-8237-BCF2FDD26910}</UniqueIdentifier>
    </Filter>
  </ItemGroup>
</Project>
